
Microsoft Visual Studio Solution File, Format Version 12.00
# Visual Studio 15
VisualStudioVersion = 15.0.26403.0
MinimumVisualStudioVersion = 10.0.40219.1
Project("{FAE04EC0-301F-11D3-BF4B-00C04F79EFBC}") = "Viikko2", "Viikko2\Viikko2.csproj", "{5F194604-73C0-4312-82D0-D4E24EB3F2F3}"
EndProject
Global
	GlobalSection(SolutionConfigurationPlatforms) = preSolution
		Debug|Any CPU = Debug|Any CPU
		Release|Any CPU = Release|Any CPU
	EndGlobalSection
	GlobalSection(ProjectConfigurationPlatforms) = postSolution
		{5F194604-73C0-4312-82D0-D4E24EB3F2F3}.Debug|Any CPU.ActiveCfg = Debug|Any CPU
		{5F194604-73C0-4312-82D0-D4E24EB3F2F3}.Debug|Any CPU.Build.0 = Debug|Any CPU
		{5F194604-73C0-4312-82D0-D4E24EB3F2F3}.Release|Any CPU.ActiveCfg = Release|Any CPU
		{5F194604-73C0-4312-82D0-D4E24EB3F2F3}.Release|Any CPU.Build.0 = Release|Any CPU
	EndGlobalSection
	GlobalSection(SolutionProperties) = preSolution
		HideSolutionNode = FALSE
	EndGlobalSection
	GlobalSection(ExtensibilityGlobals) = postSolution
		SolutionGuid = {710CFD9F-A2FC-498C-BED5-9C0E49313D6F}
	EndGlobalSection
EndGlobal
